
Microsoft Visual Studio Solution File, Format Version 12.00
# Visual Studio 15
VisualStudioVersion = 15.0.26730.10
MinimumVisualStudioVersion = 10.0.40219.1
Project("{FAE04EC0-301F-11D3-BF4B-00C04F79EFBC}") = "SSASQueryAnalyzer.Server2012", "SSASQueryAnalyzer.Server\SSASQueryAnalyzer.Server2012.csproj", "{B58CB85D-CAC9-4FCF-B946-1B209C938045}"
EndProject
Project("{2150E333-8FDC-42A3-9474-1A3956D46DE8}") = "Solution Items", "Solution Items", "{4F16C327-D986-454C-B8F9-670445E1D2D0}"
	ProjectSection(SolutionItems) = preProject
		_PostBuild_Client.SSMS.VSPackage.ps1 = _PostBuild_Client.SSMS.VSPackage.ps1
		_PostBuild_Server.ps1 = _PostBuild_Server.ps1
		ASQA-Batch-Recursive.ps1 = ASQA-Batch-Recursive.ps1
		ASQA-CreatePdF-Recursive.ps1 = ASQA-CreatePdF-Recursive.ps1
		ASQA-Install.ps1 = ASQA-Install.ps1
		deafult.licenseheader = deafult.licenseheader
		LICENSE = LICENSE
		SharedAssemblyInfo.cs = SharedAssemblyInfo.cs
		SSASQueryAnalyzerAnalyzeBatch.ps1 = SSASQueryAnalyzerAnalyzeBatch.ps1
		SSASQueryAnalyzerDatabaseBatchAnalysisCreateTemporaryTable.sql = SSASQueryAnalyzerDatabaseBatchAnalysisCreateTemporaryTable.sql
		SSASQueryAnalyzerDatabaseBatchCalculateCommonAggregationsRead.sql = SSASQueryAnalyzerDatabaseBatchCalculateCommonAggregationsRead.sql
		SSASQueryAnalyzerDatabaseBatchCalculateCommonCachesRead.sql = SSASQueryAnalyzerDatabaseBatchCalculateCommonCachesRead.sql
		SSASQueryAnalyzerDatabaseBatchCalculateCommonEnginePerformance.sql = SSASQueryAnalyzerDatabaseBatchCalculateCommonEnginePerformance.sql
		SSASQueryAnalyzerDatabaseBatchCalculateCommonPartitionsRead.sql = SSASQueryAnalyzerDatabaseBatchCalculateCommonPartitionsRead.sql
		SSASQueryAnalyzerDatabaseInstallBody.sql = SSASQueryAnalyzerDatabaseInstallBody.sql
		SSASQueryAnalyzerDatabaseInstallHeaderDatabaseEngineTypeSqlAzureDatabase.sql = SSASQueryAnalyzerDatabaseInstallHeaderDatabaseEngineTypeSqlAzureDatabase.sql
		SSASQueryAnalyzerDatabaseInstallHeaderDatabaseEngineTypeStandalone.sql = SSASQueryAnalyzerDatabaseInstallHeaderDatabaseEngineTypeStandalone.sql
		SSASQueryAnalyzerDatabaseUninstallBody.sql = SSASQueryAnalyzerDatabaseUninstallBody.sql
		SSASQueryAnalyzerDatabaseUninstallHeaderDatabaseEngineTypeSqlAzureDatabase.sql = SSASQueryAnalyzerDatabaseUninstallHeaderDatabaseEngineTypeSqlAzureDatabase.sql
		SSASQueryAnalyzerDatabaseUninstallHeaderDatabaseEngineTypeStandalone.sql = SSASQueryAnalyzerDatabaseUninstallHeaderDatabaseEngineTypeStandalone.sql
		SSASQueryAnalyzerInfo.txt = SSASQueryAnalyzerInfo.txt
	EndProjectSection
EndProject
Project("{FAE04EC0-301F-11D3-BF4B-00C04F79EFBC}") = "SSASQueryAnalyzer.Client.Common2012", "SSASQueryAnalyzer.Client.Common\SSASQueryAnalyzer.Client.Common2012.csproj", "{5F031DFB-4837-429C-9432-BDFF527FB394}"
EndProject
Project("{FAE04EC0-301F-11D3-BF4B-00C04F79EFBC}") = "SSASQueryAnalyzer.Client.SSMS.VSPackage110", "SSASQueryAnalyzer.Client.SSMS.VSPackage\SSASQueryAnalyzer.Client.SSMS.VSPackage110.csproj", "{934A3081-C66A-4EFD-AFBB-EC7CFCA2C325}"
EndProject
Project("{FAE04EC0-301F-11D3-BF4B-00C04F79EFBC}") = "SSASQueryAnalyzer.Client.Common.Reporting2012", "SSASQueryAnalyzer.Client.Common.Reporting\SSASQueryAnalyzer.Client.Common.Reporting2012.csproj", "{56B6FC2A-7564-4813-B6AF-0987EA6E6B30}"
EndProject
Global
	GlobalSection(SolutionConfigurationPlatforms) = preSolution
		CD_ROM|Any CPU = CD_ROM|Any CPU
		CD_ROM|Mixed Platforms = CD_ROM|Mixed Platforms
		CD_ROM|x86 = CD_ROM|x86
		Debug|Any CPU = Debug|Any CPU
		Debug|Mixed Platforms = Debug|Mixed Platforms
		Debug|x86 = Debug|x86
		DVD-5|Any CPU = DVD-5|Any CPU
		DVD-5|Mixed Platforms = DVD-5|Mixed Platforms
		DVD-5|x86 = DVD-5|x86
		Release|Any CPU = Release|Any CPU
		Release|Mixed Platforms = Release|Mixed Platforms
		Release|x86 = Release|x86
		SingleImage|Any CPU = SingleImage|Any CPU
		SingleImage|Mixed Platforms = SingleImage|Mixed Platforms
		SingleImage|x86 = SingleImage|x86
	EndGlobalSection
	GlobalSection(ProjectConfigurationPlatforms) = postSolution
		{B58CB85D-CAC9-4FCF-B946-1B209C938045}.CD_ROM|Any CPU.ActiveCfg = Release|Any CPU
		{B58CB85D-CAC9-4FCF-B946-1B209C938045}.CD_ROM|Any CPU.Build.0 = Release|Any CPU
		{B58CB85D-CAC9-4FCF-B946-1B209C938045}.CD_ROM|Mixed Platforms.ActiveCfg = Release|Any CPU
		{B58CB85D-CAC9-4FCF-B946-1B209C938045}.CD_ROM|Mixed Platforms.Build.0 = Release|Any CPU
		{B58CB85D-CAC9-4FCF-B946-1B209C938045}.CD_ROM|x86.ActiveCfg = Release|Any CPU
		{B58CB85D-CAC9-4FCF-B946-1B209C938045}.Debug|Any CPU.ActiveCfg = Debug|Any CPU
		{B58CB85D-CAC9-4FCF-B946-1B209C938045}.Debug|Any CPU.Build.0 = Debug|Any CPU
		{B58CB85D-CAC9-4FCF-B946-1B209C938045}.Debug|Mixed Platforms.ActiveCfg = Debug|Any CPU
		{B58CB85D-CAC9-4FCF-B946-1B209C938045}.Debug|Mixed Platforms.Build.0 = Debug|Any CPU
		{B58CB85D-CAC9-4FCF-B946-1B209C938045}.Debug|x86.ActiveCfg = Debug|Any CPU
		{B58CB85D-CAC9-4FCF-B946-1B209C938045}.DVD-5|Any CPU.ActiveCfg = Debug|Any CPU
		{B58CB85D-CAC9-4FCF-B946-1B209C938045}.DVD-5|Any CPU.Build.0 = Debug|Any CPU
		{B58CB85D-CAC9-4FCF-B946-1B209C938045}.DVD-5|Mixed Platforms.ActiveCfg = Debug|Any CPU
		{B58CB85D-CAC9-4FCF-B946-1B209C938045}.DVD-5|Mixed Platforms.Build.0 = Debug|Any CPU
		{B58CB85D-CAC9-4FCF-B946-1B209C938045}.DVD-5|x86.ActiveCfg = Debug|Any CPU
		{B58CB85D-CAC9-4FCF-B946-1B209C938045}.Release|Any CPU.ActiveCfg = Release|Any CPU
		{B58CB85D-CAC9-4FCF-B946-1B209C938045}.Release|Any CPU.Build.0 = Release|Any CPU
		{B58CB85D-CAC9-4FCF-B946-1B209C938045}.Release|Mixed Platforms.ActiveCfg = Release|Any CPU
		{B58CB85D-CAC9-4FCF-B946-1B209C938045}.Release|Mixed Platforms.Build.0 = Release|Any CPU
		{B58CB85D-CAC9-4FCF-B946-1B209C938045}.Release|x86.ActiveCfg = Release|Any CPU
		{B58CB85D-CAC9-4FCF-B946-1B209C938045}.SingleImage|Any CPU.ActiveCfg = Release|Any CPU
		{B58CB85D-CAC9-4FCF-B946-1B209C938045}.SingleImage|Any CPU.Build.0 = Release|Any CPU
		{B58CB85D-CAC9-4FCF-B946-1B209C938045}.SingleImage|Mixed Platforms.ActiveCfg = Release|Any CPU
		{B58CB85D-CAC9-4FCF-B946-1B209C938045}.SingleImage|Mixed Platforms.Build.0 = Release|Any CPU
		{B58CB85D-CAC9-4FCF-B946-1B209C938045}.SingleImage|x86.ActiveCfg = Release|Any CPU
		{5F031DFB-4837-429C-9432-BDFF527FB394}.CD_ROM|Any CPU.ActiveCfg = Release|Any CPU
		{5F031DFB-4837-429C-9432-BDFF527FB394}.CD_ROM|Any CPU.Build.0 = Release|Any CPU
		{5F031DFB-4837-429C-9432-BDFF527FB394}.CD_ROM|Mixed Platforms.ActiveCfg = Release|Any CPU
		{5F031DFB-4837-429C-9432-BDFF527FB394}.CD_ROM|Mixed Platforms.Build.0 = Release|Any CPU
		{5F031DFB-4837-429C-9432-BDFF527FB394}.CD_ROM|x86.ActiveCfg = Release|Any CPU
		{5F031DFB-4837-429C-9432-BDFF527FB394}.CD_ROM|x86.Build.0 = Release|Any CPU
		{5F031DFB-4837-429C-9432-BDFF527FB394}.Debug|Any CPU.ActiveCfg = Debug|Any CPU
		{5F031DFB-4837-429C-9432-BDFF527FB394}.Debug|Any CPU.Build.0 = Debug|Any CPU
		{5F031DFB-4837-429C-9432-BDFF527FB394}.Debug|Mixed Platforms.ActiveCfg = Debug|Any CPU
		{5F031DFB-4837-429C-9432-BDFF527FB394}.Debug|Mixed Platforms.Build.0 = Debug|Any CPU
		{5F031DFB-4837-429C-9432-BDFF527FB394}.Debug|x86.ActiveCfg = Debug|Any CPU
		{5F031DFB-4837-429C-9432-BDFF527FB394}.Debug|x86.Build.0 = Debug|Any CPU
		{5F031DFB-4837-429C-9432-BDFF527FB394}.DVD-5|Any CPU.ActiveCfg = Debug|Any CPU
		{5F031DFB-4837-429C-9432-BDFF527FB394}.DVD-5|Any CPU.Build.0 = Debug|Any CPU
		{5F031DFB-4837-429C-9432-BDFF527FB394}.DVD-5|Mixed Platforms.ActiveCfg = Debug|Any CPU
		{5F031DFB-4837-429C-9432-BDFF527FB394}.DVD-5|Mixed Platforms.Build.0 = Debug|Any CPU
		{5F031DFB-4837-429C-9432-BDFF527FB394}.DVD-5|x86.ActiveCfg = Debug|Any CPU
		{5F031DFB-4837-429C-9432-BDFF527FB394}.DVD-5|x86.Build.0 = Debug|Any CPU
		{5F031DFB-4837-429C-9432-BDFF527FB394}.Release|Any CPU.ActiveCfg = Release|Any CPU
		{5F031DFB-4837-429C-9432-BDFF527FB394}.Release|Any CPU.Build.0 = Release|Any CPU
		{5F031DFB-4837-429C-9432-BDFF527FB394}.Release|Mixed Platforms.ActiveCfg = Release|Any CPU
		{5F031DFB-4837-429C-9432-BDFF527FB394}.Release|Mixed Platforms.Build.0 = Release|Any CPU
		{5F031DFB-4837-429C-9432-BDFF527FB394}.Release|x86.ActiveCfg = Release|Any CPU
		{5F031DFB-4837-429C-9432-BDFF527FB394}.Release|x86.Build.0 = Release|Any CPU
		{5F031DFB-4837-429C-9432-BDFF527FB394}.SingleImage|Any CPU.ActiveCfg = Release|Any CPU
		{5F031DFB-4837-429C-9432-BDFF527FB394}.SingleImage|Any CPU.Build.0 = Release|Any CPU
		{5F031DFB-4837-429C-9432-BDFF527FB394}.SingleImage|Mixed Platforms.ActiveCfg = Release|Any CPU
		{5F031DFB-4837-429C-9432-BDFF527FB394}.SingleImage|Mixed Platforms.Build.0 = Release|Any CPU
		{5F031DFB-4837-429C-9432-BDFF527FB394}.SingleImage|x86.ActiveCfg = Release|Any CPU
		{5F031DFB-4837-429C-9432-BDFF527FB394}.SingleImage|x86.Build.0 = Release|Any CPU
		{934A3081-C66A-4EFD-AFBB-EC7CFCA2C325}.CD_ROM|Any CPU.ActiveCfg = Release|Any CPU
		{934A3081-C66A-4EFD-AFBB-EC7CFCA2C325}.CD_ROM|Any CPU.Build.0 = Release|Any CPU
		{934A3081-C66A-4EFD-AFBB-EC7CFCA2C325}.CD_ROM|Mixed Platforms.ActiveCfg = Release|Any CPU
		{934A3081-C66A-4EFD-AFBB-EC7CFCA2C325}.CD_ROM|Mixed Platforms.Build.0 = Release|Any CPU
		{934A3081-C66A-4EFD-AFBB-EC7CFCA2C325}.CD_ROM|x86.ActiveCfg = Release|Any CPU
		{934A3081-C66A-4EFD-AFBB-EC7CFCA2C325}.CD_ROM|x86.Build.0 = Release|Any CPU
		{934A3081-C66A-4EFD-AFBB-EC7CFCA2C325}.Debug|Any CPU.ActiveCfg = Debug|Any CPU
		{934A3081-C66A-4EFD-AFBB-EC7CFCA2C325}.Debug|Any CPU.Build.0 = Debug|Any CPU
		{934A3081-C66A-4EFD-AFBB-EC7CFCA2C325}.Debug|Mixed Platforms.ActiveCfg = Debug|Any CPU
		{934A3081-C66A-4EFD-AFBB-EC7CFCA2C325}.Debug|Mixed Platforms.Build.0 = Debug|Any CPU
		{934A3081-C66A-4EFD-AFBB-EC7CFCA2C325}.Debug|x86.ActiveCfg = Debug|Any CPU
		{934A3081-C66A-4EFD-AFBB-EC7CFCA2C325}.Debug|x86.Build.0 = Debug|Any CPU
		{934A3081-C66A-4EFD-AFBB-EC7CFCA2C325}.DVD-5|Any CPU.ActiveCfg = Debug|Any CPU
		{934A3081-C66A-4EFD-AFBB-EC7CFCA2C325}.DVD-5|Any CPU.Build.0 = Debug|Any CPU
		{934A3081-C66A-4EFD-AFBB-EC7CFCA2C325}.DVD-5|Mixed Platforms.ActiveCfg = Debug|Any CPU
		{934A3081-C66A-4EFD-AFBB-EC7CFCA2C325}.DVD-5|Mixed Platforms.Build.0 = Debug|Any CPU
		{934A3081-C66A-4EFD-AFBB-EC7CFCA2C325}.DVD-5|x86.ActiveCfg = Debug|Any CPU
		{934A3081-C66A-4EFD-AFBB-EC7CFCA2C325}.DVD-5|x86.Build.0 = Debug|Any CPU
		{934A3081-C66A-4EFD-AFBB-EC7CFCA2C325}.Release|Any CPU.ActiveCfg = Release|Any CPU
		{934A3081-C66A-4EFD-AFBB-EC7CFCA2C325}.Release|Any CPU.Build.0 = Release|Any CPU
		{934A3081-C66A-4EFD-AFBB-EC7CFCA2C325}.Release|Mixed Platforms.ActiveCfg = Release|Any CPU
		{934A3081-C66A-4EFD-AFBB-EC7CFCA2C325}.Release|Mixed Platforms.Build.0 = Release|Any CPU
		{934A3081-C66A-4EFD-AFBB-EC7CFCA2C325}.Release|x86.ActiveCfg = Release|Any CPU
		{934A3081-C66A-4EFD-AFBB-EC7CFCA2C325}.Release|x86.Build.0 = Release|Any CPU
		{934A3081-C66A-4EFD-AFBB-EC7CFCA2C325}.SingleImage|Any CPU.ActiveCfg = Release|Any CPU
		{934A3081-C66A-4EFD-AFBB-EC7CFCA2C325}.SingleImage|Any CPU.Build.0 = Release|Any CPU
		{934A3081-C66A-4EFD-AFBB-EC7CFCA2C325}.SingleImage|Mixed Platforms.ActiveCfg = Release|Any CPU
		{934A3081-C66A-4EFD-AFBB-EC7CFCA2C325}.SingleImage|Mixed Platforms.Build.0 = Release|Any CPU
		{934A3081-C66A-4EFD-AFBB-EC7CFCA2C325}.SingleImage|x86.ActiveCfg = Release|Any CPU
		{934A3081-C66A-4EFD-AFBB-EC7CFCA2C325}.SingleImage|x86.Build.0 = Release|Any CPU
		{56B6FC2A-7564-4813-B6AF-0987EA6E6B30}.CD_ROM|Any CPU.ActiveCfg = Release|Any CPU
		{56B6FC2A-7564-4813-B6AF-0987EA6E6B30}.CD_ROM|Any CPU.Build.0 = Release|Any CPU
		{56B6FC2A-7564-4813-B6AF-0987EA6E6B30}.CD_ROM|Mixed Platforms.ActiveCfg = Release|Any CPU
		{56B6FC2A-7564-4813-B6AF-0987EA6E6B30}.CD_ROM|Mixed Platforms.Build.0 = Release|Any CPU
		{56B6FC2A-7564-4813-B6AF-0987EA6E6B30}.CD_ROM|x86.ActiveCfg = Release|Any CPU
		{56B6FC2A-7564-4813-B6AF-0987EA6E6B30}.CD_ROM|x86.Build.0 = Release|Any CPU
		{56B6FC2A-7564-4813-B6AF-0987EA6E6B30}.Debug|Any CPU.ActiveCfg = Debug|Any CPU
		{56B6FC2A-7564-4813-B6AF-0987EA6E6B30}.Debug|Any CPU.Build.0 = Debug|Any CPU
		{56B6FC2A-7564-4813-B6AF-0987EA6E6B30}.Debug|Mixed Platforms.ActiveCfg = Debug|Any CPU
		{56B6FC2A-7564-4813-B6AF-0987EA6E6B30}.Debug|Mixed Platforms.Build.0 = Debug|Any CPU
		{56B6FC2A-7564-4813-B6AF-0987EA6E6B30}.Debug|x86.ActiveCfg = Debug|Any CPU
		{56B6FC2A-7564-4813-B6AF-0987EA6E6B30}.Debug|x86.Build.0 = Debug|Any CPU
		{56B6FC2A-7564-4813-B6AF-0987EA6E6B30}.DVD-5|Any CPU.ActiveCfg = Debug|Any CPU
		{56B6FC2A-7564-4813-B6AF-0987EA6E6B30}.DVD-5|Any CPU.Build.0 = Debug|Any CPU
		{56B6FC2A-7564-4813-B6AF-0987EA6E6B30}.DVD-5|Mixed Platforms.ActiveCfg = Debug|Any CPU
		{56B6FC2A-7564-4813-B6AF-0987EA6E6B30}.DVD-5|Mixed Platforms.Build.0 = Debug|Any CPU
		{56B6FC2A-7564-4813-B6AF-0987EA6E6B30}.DVD-5|x86.ActiveCfg = Debug|Any CPU
		{56B6FC2A-7564-4813-B6AF-0987EA6E6B30}.DVD-5|x86.Build.0 = Debug|Any CPU
		{56B6FC2A-7564-4813-B6AF-0987EA6E6B30}.Release|Any CPU.ActiveCfg = Release|Any CPU
		{56B6FC2A-7564-4813-B6AF-0987EA6E6B30}.Release|Any CPU.Build.0 = Release|Any CPU
		{56B6FC2A-7564-4813-B6AF-0987EA6E6B30}.Release|Mixed Platforms.ActiveCfg = Release|Any CPU
		{56B6FC2A-7564-4813-B6AF-0987EA6E6B30}.Release|Mixed Platforms.Build.0 = Release|Any CPU
		{56B6FC2A-7564-4813-B6AF-0987EA6E6B30}.Release|x86.ActiveCfg = Release|Any CPU
		{56B6FC2A-7564-4813-B6AF-0987EA6E6B30}.Release|x86.Build.0 = Release|Any CPU
		{56B6FC2A-7564-4813-B6AF-0987EA6E6B30}.SingleImage|Any CPU.ActiveCfg = Release|Any CPU
		{56B6FC2A-7564-4813-B6AF-0987EA6E6B30}.SingleImage|Any CPU.Build.0 = Release|Any CPU
		{56B6FC2A-7564-4813-B6AF-0987EA6E6B30}.SingleImage|Mixed Platforms.ActiveCfg = Release|Any CPU
		{56B6FC2A-7564-4813-B6AF-0987EA6E6B30}.SingleImage|Mixed Platforms.Build.0 = Release|Any CPU
		{56B6FC2A-7564-4813-B6AF-0987EA6E6B30}.SingleImage|x86.ActiveCfg = Release|Any CPU
		{56B6FC2A-7564-4813-B6AF-0987EA6E6B30}.SingleImage|x86.Build.0 = Release|Any CPU
	EndGlobalSection
	GlobalSection(SolutionProperties) = preSolution
		HideSolutionNode = FALSE
	EndGlobalSection
	GlobalSection(ExtensibilityGlobals) = postSolution
		SolutionGuid = {35531231-A936-44F4-8B39-71CCD5E89B38}
	EndGlobalSection
EndGlobal
